
Microsoft Visual Studio Solution File, Format Version 12.00
# Visual Studio 15
VisualStudioVersion = 15.0.26403.7
MinimumVisualStudioVersion = 10.0.40219.1
Project("{FAE04EC0-301F-11D3-BF4B-00C04F79EFBC}") = "Cwiczenie", "Cwiczenie\Cwiczenie.csproj", "{B35A2A67-9332-4720-BE64-B559F26AB253}"
EndProject
Project("{FAE04EC0-301F-11D3-BF4B-00C04F79EFBC}") = "CwiczenieTest", "CwiczenieTest\CwiczenieTest.csproj", "{066F80D3-1EEF-451B-8991-B6889CD3B9CE}"
EndProject
Global
	GlobalSection(SolutionConfigurationPlatforms) = preSolution
		Debug|Any CPU = Debug|Any CPU
		Release|Any CPU = Release|Any CPU
	EndGlobalSection
	GlobalSection(ProjectConfigurationPlatforms) = postSolution
		{B35A2A67-9332-4720-BE64-B559F26AB253}.Debug|Any CPU.ActiveCfg = Debug|Any CPU
		{B35A2A67-9332-4720-BE64-B559F26AB253}.Debug|Any CPU.Build.0 = Debug|Any CPU
		{B35A2A67-9332-4720-BE64-B559F26AB253}.Release|Any CPU.ActiveCfg = Release|Any CPU
		{B35A2A67-9332-4720-BE64-B559F26AB253}.Release|Any CPU.Build.0 = Release|Any CPU
		{066F80D3-1EEF-451B-8991-B6889CD3B9CE}.Debug|Any CPU.ActiveCfg = Debug|Any CPU
		{066F80D3-1EEF-451B-8991-B6889CD3B9CE}.Debug|Any CPU.Build.0 = Debug|Any CPU
		{066F80D3-1EEF-451B-8991-B6889CD3B9CE}.Release|Any CPU.ActiveCfg = Release|Any CPU
		{066F80D3-1EEF-451B-8991-B6889CD3B9CE}.Release|Any CPU.Build.0 = Release|Any CPU
	EndGlobalSection
	GlobalSection(SolutionProperties) = preSolution
		HideSolutionNode = FALSE
	EndGlobalSection
EndGlobal
